
Microsoft Visual Studio Solution File, Format Version 12.00
Project("{FAE04EC0-301F-11D3-BF4B-00C04F79EFBC}") = "RPSSL.App", "RPSSL.App\RPSSL.App.csproj", "{790576A0-64D6-432B-AD93-84790AA8DB57}"
EndProject
Project("{2150E333-8FDC-42A3-9474-1A3956D46DE8}") = "src", "src", "{AE0C5A45-59FC-4CAF-8674-C5A64A9F9F96}"
EndProject
Project("{2150E333-8FDC-42A3-9474-1A3956D46DE8}") = "test", "test", "{C8E7829D-7F50-4888-AA51-8021F04D4162}"
EndProject
Project("{FAE04EC0-301F-11D3-BF4B-00C04F79EFBC}") = "RPSSL.Presentation", "RPSSL.Presentation\RPSSL.Presentation.csproj", "{60B1DE2E-0BBA-4EC5-9B88-78652D701F23}"
EndProject
Project("{FAE04EC0-301F-11D3-BF4B-00C04F79EFBC}") = "RPSSL.Domain", "RPSSL.Domain\RPSSL.Domain.csproj", "{E64F6384-3C1D-4A16-9E60-992F11FD75D9}"
EndProject
Global
	GlobalSection(SolutionConfigurationPlatforms) = preSolution
		Debug|Any CPU = Debug|Any CPU
		Release|Any CPU = Release|Any CPU
	EndGlobalSection
	GlobalSection(ProjectConfigurationPlatforms) = postSolution
		{790576A0-64D6-432B-AD93-84790AA8DB57}.Debug|Any CPU.ActiveCfg = Debug|Any CPU
		{790576A0-64D6-432B-AD93-84790AA8DB57}.Debug|Any CPU.Build.0 = Debug|Any CPU
		{790576A0-64D6-432B-AD93-84790AA8DB57}.Release|Any CPU.ActiveCfg = Release|Any CPU
		{790576A0-64D6-432B-AD93-84790AA8DB57}.Release|Any CPU.Build.0 = Release|Any CPU
		{60B1DE2E-0BBA-4EC5-9B88-78652D701F23}.Debug|Any CPU.ActiveCfg = Debug|Any CPU
		{60B1DE2E-0BBA-4EC5-9B88-78652D701F23}.Debug|Any CPU.Build.0 = Debug|Any CPU
		{60B1DE2E-0BBA-4EC5-9B88-78652D701F23}.Release|Any CPU.ActiveCfg = Release|Any CPU
		{60B1DE2E-0BBA-4EC5-9B88-78652D701F23}.Release|Any CPU.Build.0 = Release|Any CPU
		{E64F6384-3C1D-4A16-9E60-992F11FD75D9}.Debug|Any CPU.ActiveCfg = Debug|Any CPU
		{E64F6384-3C1D-4A16-9E60-992F11FD75D9}.Debug|Any CPU.Build.0 = Debug|Any CPU
		{E64F6384-3C1D-4A16-9E60-992F11FD75D9}.Release|Any CPU.ActiveCfg = Release|Any CPU
		{E64F6384-3C1D-4A16-9E60-992F11FD75D9}.Release|Any CPU.Build.0 = Release|Any CPU
	EndGlobalSection
	GlobalSection(NestedProjects) = preSolution
		{790576A0-64D6-432B-AD93-84790AA8DB57} = {AE0C5A45-59FC-4CAF-8674-C5A64A9F9F96}
		{60B1DE2E-0BBA-4EC5-9B88-78652D701F23} = {AE0C5A45-59FC-4CAF-8674-C5A64A9F9F96}
		{E64F6384-3C1D-4A16-9E60-992F11FD75D9} = {AE0C5A45-59FC-4CAF-8674-C5A64A9F9F96}
	EndGlobalSection
EndGlobal
